{
  "name": "searxng-browser-tests",
  "version": "1.0.0",
  "lockfileVersion": 2,
  "requires": true,
  "packages": {
    "": {
      "name": "searxng-browser-tests",
      "version": "1.0.0",
      "hasInstallScript": true,
      "license": "AGPL3",
      "dependencies": {
        "allure": "^0.0.0",
        "allure-playwright": "^2.0.0-beta.17"
      },
      "devDependencies": {
        "@playwright/test": "^1.22.2",
        "allure-commandline": "^2.17.2",
        "axe-playwright": "^1.1.11",
        "experimental-allure-playwright": "^0.0.3"
      }
    },
    "node_modules/@playwright/test": {
      "version": "1.22.2",
      "resolved": "https://registry.npmjs.org/@playwright/test/-/test-1.22.2.tgz",
      "integrity": "sha512-cCl96BEBGPtptFz7C2FOSN3PrTnJ3rPpENe+gYCMx4GNNDlN4tmo2D89y13feGKTMMAIVrXfSQ/UmaQKLy1XLA==",
      "dev": true,
      "dependencies": {
        "@types/node": "*",
        "playwright-core": "1.22.2"
      },
      "bin": {
        "playwright": "cli.js"
      },
      "engines": {
        "node": ">=14"
      }
    },
    "node_modules/@types/node": {
      "version": "17.0.21",
      "resolved": "https://registry.npmjs.org/@types/node/-/node-17.0.21.tgz",
      "integrity": "sha512-DBZCJbhII3r90XbQxI8Y9IjjiiOGlZ0Hr32omXIZvwwZ7p4DMMXGrKXVyPfuoBOri9XNtL0UK69jYIBIsRX3QQ==",
      "dev": true
    },
    "node_modules/allure": {
      "version": "0.0.0",
      "resolved": "https://registry.npmjs.org/allure/-/allure-0.0.0.tgz",
      "integrity": "sha512-WxZzEkazOUpxZZ7hAn3eCGq96CbwPFRquPA95jWh1XNZpfCBjORJ2nxueyMsmzal81NUCrfS5Xud3jfpzavldw=="
    },
    "node_modules/allure-commandline": {
      "version": "2.17.2",
      "resolved": "https://registry.npmjs.org/allure-commandline/-/allure-commandline-2.17.2.tgz",
      "integrity": "sha512-2a0M0nX1KtVrg4y0rWEFn/OQkv7AaQSMBOEtlKfQl3heZoTEo0IdB08Uk5vU390+qPsEv3EO5igjyCrS0gX+FQ==",
      "dev": true,
      "bin": {
        "allure": "bin/allure"
      }
    },
    "node_modules/allure-js-commons": {
      "version": "2.0.0-beta.17",
      "resolved": "https://registry.npmjs.org/allure-js-commons/-/allure-js-commons-2.0.0-beta.17.tgz",
      "integrity": "sha512-G5zzSRA28JPKmnINUEw+sRIEQP8ZmyXt3A1/DEvzcFBJ/LFDFaKw5BkHGbohlyWRc9um+1vXAeYyDplLEHg1pw==",
      "dependencies": {
        "mkdirp": "^1.0.4",
        "properties": "^1.2.1",
        "uuid": "^8.3.0"
      }
    },
    "node_modules/allure-playwright": {
      "version": "2.0.0-beta.17",
      "resolved": "https://registry.npmjs.org/allure-playwright/-/allure-playwright-2.0.0-beta.17.tgz",
      "integrity": "sha512-f0cXVNhuaerg+1+1y76JtDn96mHP2laMfZLKNFaLAyon5/6HvvfdXJnNZqFBKMe8DFhkBsuWjAJpKsGuPQYr2Q==",
      "dependencies": {
        "allure-js-commons": "2.0.0-beta.17"
      }
    },
    "node_modules/axe-core": {
      "version": "4.4.1",
      "resolved": "https://registry.npmjs.org/axe-core/-/axe-core-4.4.1.tgz",
      "integrity": "sha512-gd1kmb21kwNuWr6BQz8fv6GNECPBnUasepcoLbekws23NVBLODdsClRZ+bQ8+9Uomf3Sm3+Vwn0oYG9NvwnJCw==",
      "dev": true,
      "engines": {
        "node": ">=4"
      }
    },
    "node_modules/axe-playwright": {
      "version": "1.1.11",
      "resolved": "https://registry.npmjs.org/axe-playwright/-/axe-playwright-1.1.11.tgz",
      "integrity": "sha512-YHmUouvF/dFNxoFFwbCjPFmEPwoJSzPgZsD0KZs3xjsR03Rf2mAh771ugre950MaBYuiyxYDlurH5BOEJBK34Q==",
      "dev": true,
      "dependencies": {
        "axe-core": "^4.0.1"
      },
      "peerDependencies": {
        "playwright-core": ">1.0.0"
      }
    },
    "node_modules/experimental-allure-js-commons": {
      "version": "0.0.1",
      "resolved": "https://registry.npmjs.org/experimental-allure-js-commons/-/experimental-allure-js-commons-0.0.1.tgz",
      "integrity": "sha512-/cduBI0j/Vj4+NyriSu4yHPetuXxOvg2xH10VAs2w9l0P917qKWhRO58gZrn6aXZBDalrmjAQXiqYNz2odNxOg==",
      "dev": true,
      "dependencies": {
        "mkdirp": "^1.0.4",
        "properties": "^1.2.1",
        "uuid": "^8.3.0"
      }
    },
    "node_modules/experimental-allure-playwright": {
      "version": "0.0.3",
      "resolved": "https://registry.npmjs.org/experimental-allure-playwright/-/experimental-allure-playwright-0.0.3.tgz",
      "integrity": "sha512-SLLy5ipeAGRR/z4ZB0IXI8DZnYovoBfFwYV8ChrBbQsaAQJw9ZBCuMIkUHELd/dms+xakxWi6vKOAHEz7DcOvw==",
      "dev": true,
      "dependencies": {
        "@types/node": "^15.14.1",
        "experimental-allure-js-commons": "=0.0.1"
      }
    },
    "node_modules/experimental-allure-playwright/node_modules/@types/node": {
      "version": "15.14.9",
      "resolved": "https://registry.npmjs.org/@types/node/-/node-15.14.9.tgz",
      "integrity": "sha512-qjd88DrCxupx/kJD5yQgZdcYKZKSIGBVDIBE1/LTGcNm3d2Np/jxojkdePDdfnBHJc5W7vSMpbJ1aB7p/Py69A==",
      "dev": true
    },
    "node_modules/mkdirp": {
      "version": "1.0.4",
      "resolved": "https://registry.npmjs.org/mkdirp/-/mkdirp-1.0.4.tgz",
      "integrity": "sha512-vVqVZQyf3WLx2Shd0qJ9xuvqgAyKPLAiqITEtqW0oIUjzo3PePDd6fW9iFz30ef7Ysp/oiWqbhszeGWW2T6Gzw==",
      "bin": {
        "mkdirp": "bin/cmd.js"
      },
      "engines": {
        "node": ">=10"
      }
    },
    "node_modules/playwright-core": {
      "version": "1.22.2",
      "resolved": "https://registry.npmjs.org/playwright-core/-/playwright-core-1.22.2.tgz",
      "integrity": "sha512-w/hc/Ld0RM4pmsNeE6aL/fPNWw8BWit2tg+TfqJ3+p59c6s3B6C8mXvXrIPmfQEobkcFDc+4KirNzOQ+uBSP1Q==",
      "dev": true,
      "bin": {
        "playwright": "cli.js"
      },
      "engines": {
        "node": ">=14"
      }
    },
    "node_modules/properties": {
      "version": "1.2.1",
      "resolved": "https://registry.npmjs.org/properties/-/properties-1.2.1.tgz",
      "integrity": "sha1-Dul6f8AgsaKlW4ZZ7aSqjYaQlL0=",
      "engines": {
        "node": ">=0.10"
      }
    },
    "node_modules/uuid": {
      "version": "8.3.2",
      "resolved": "https://registry.npmjs.org/uuid/-/uuid-8.3.2.tgz",
      "integrity": "sha512-+NYs2QeMWy+GWFOEm9xnn6HCDp0l7QBD7ml8zLUmJ+93Q5NF0NocErnwkTkXVFNiX3/fpC6afS8Dhb/gz7R7eg==",
      "bin": {
        "uuid": "dist/bin/uuid"
      }
    }
  },
  "dependencies": {
    "@playwright/test": {
      "version": "1.22.2",
      "resolved": "https://registry.npmjs.org/@playwright/test/-/test-1.22.2.tgz",
      "integrity": "sha512-cCl96BEBGPtptFz7C2FOSN3PrTnJ3rPpENe+gYCMx4GNNDlN4tmo2D89y13feGKTMMAIVrXfSQ/UmaQKLy1XLA==",
      "dev": true,
      "requires": {
        "@types/node": "*",
        "playwright-core": "1.22.2"
      }
    },
    "@types/node": {
      "version": "17.0.21",
      "resolved": "https://registry.npmjs.org/@types/node/-/node-17.0.21.tgz",
      "integrity": "sha512-DBZCJbhII3r90XbQxI8Y9IjjiiOGlZ0Hr32omXIZvwwZ7p4DMMXGrKXVyPfuoBOri9XNtL0UK69jYIBIsRX3QQ==",
      "dev": true
    },
    "allure": {
      "version": "0.0.0",
      "resolved": "https://registry.npmjs.org/allure/-/allure-0.0.0.tgz",
      "integrity": "sha512-WxZzEkazOUpxZZ7hAn3eCGq96CbwPFRquPA95jWh1XNZpfCBjORJ2nxueyMsmzal81NUCrfS5Xud3jfpzavldw=="
    },
    "allure-commandline": {
      "version": "2.17.2",
      "resolved": "https://registry.npmjs.org/allure-commandline/-/allure-commandline-2.17.2.tgz",
      "integrity": "sha512-2a0M0nX1KtVrg4y0rWEFn/OQkv7AaQSMBOEtlKfQl3heZoTEo0IdB08Uk5vU390+qPsEv3EO5igjyCrS0gX+FQ==",
      "dev": true
    },
    "allure-js-commons": {
      "version": "2.0.0-beta.17",
      "resolved": "https://registry.npmjs.org/allure-js-commons/-/allure-js-commons-2.0.0-beta.17.tgz",
      "integrity": "sha512-G5zzSRA28JPKmnINUEw+sRIEQP8ZmyXt3A1/DEvzcFBJ/LFDFaKw5BkHGbohlyWRc9um+1vXAeYyDplLEHg1pw==",
      "requires": {
        "mkdirp": "^1.0.4",
        "properties": "^1.2.1",
        "uuid": "^8.3.0"
      }
    },
    "allure-playwright": {
      "version": "2.0.0-beta.17",
      "resolved": "https://registry.npmjs.org/allure-playwright/-/allure-playwright-2.0.0-beta.17.tgz",
      "integrity": "sha512-f0cXVNhuaerg+1+1y76JtDn96mHP2laMfZLKNFaLAyon5/6HvvfdXJnNZqFBKMe8DFhkBsuWjAJpKsGuPQYr2Q==",
      "requires": {
        "allure-js-commons": "2.0.0-beta.17"
      }
    },
    "axe-core": {
      "version": "4.4.1",
      "resolved": "https://registry.npmjs.org/axe-core/-/axe-core-4.4.1.tgz",
      "integrity": "sha512-gd1kmb21kwNuWr6BQz8fv6GNECPBnUasepcoLbekws23NVBLODdsClRZ+bQ8+9Uomf3Sm3+Vwn0oYG9NvwnJCw==",
      "dev": true
    },
    "axe-playwright": {
      "version": "1.1.11",
      "resolved": "https://registry.npmjs.org/axe-playwright/-/axe-playwright-1.1.11.tgz",
      "integrity": "sha512-YHmUouvF/dFNxoFFwbCjPFmEPwoJSzPgZsD0KZs3xjsR03Rf2mAh771ugre950MaBYuiyxYDlurH5BOEJBK34Q==",
      "dev": true,
      "requires": {
        "axe-core": "^4.0.1"
      }
    },
    "experimental-allure-js-commons": {
      "version": "0.0.1",
      "resolved": "https://registry.npmjs.org/experimental-allure-js-commons/-/experimental-allure-js-commons-0.0.1.tgz",
      "integrity": "sha512-/cduBI0j/Vj4+NyriSu4yHPetuXxOvg2xH10VAs2w9l0P917qKWhRO58gZrn6aXZBDalrmjAQXiqYNz2odNxOg==",
      "dev": true,
      "requires": {
        "mkdirp": "^1.0.4",
        "properties": "^1.2.1",
        "uuid": "^8.3.0"
      }
    },
    "experimental-allure-playwright": {
      "version": "0.0.3",
      "resolved": "https://registry.npmjs.org/experimental-allure-playwright/-/experimental-allure-playwright-0.0.3.tgz",
      "integrity": "sha512-SLLy5ipeAGRR/z4ZB0IXI8DZnYovoBfFwYV8ChrBbQsaAQJw9ZBCuMIkUHELd/dms+xakxWi6vKOAHEz7DcOvw==",
      "dev": true,
      "requires": {
        "@types/node": "^15.14.1",
        "experimental-allure-js-commons": "=0.0.1"
      },
      "dependencies": {
        "@types/node": {
          "version": "15.14.9",
          "resolved": "https://registry.npmjs.org/@types/node/-/node-15.14.9.tgz",
          "integrity": "sha512-qjd88DrCxupx/kJD5yQgZdcYKZKSIGBVDIBE1/LTGcNm3d2Np/jxojkdePDdfnBHJc5W7vSMpbJ1aB7p/Py69A==",
          "dev": true
        }
      }
    },
    "mkdirp": {
      "version": "1.0.4",
      "resolved": "https://registry.npmjs.org/mkdirp/-/mkdirp-1.0.4.tgz",
      "integrity": "sha512-vVqVZQyf3WLx2Shd0qJ9xuvqgAyKPLAiqITEtqW0oIUjzo3PePDd6fW9iFz30ef7Ysp/oiWqbhszeGWW2T6Gzw=="
    },
    "playwright-core": {
      "version": "1.22.2",
      "resolved": "https://registry.npmjs.org/playwright-core/-/playwright-core-1.22.2.tgz",
      "integrity": "sha512-w/hc/Ld0RM4pmsNeE6aL/fPNWw8BWit2tg+TfqJ3+p59c6s3B6C8mXvXrIPmfQEobkcFDc+4KirNzOQ+uBSP1Q==",
      "dev": true
    },
    "properties": {
      "version": "1.2.1",
      "resolved": "https://registry.npmjs.org/properties/-/properties-1.2.1.tgz",
      "integrity": "sha1-Dul6f8AgsaKlW4ZZ7aSqjYaQlL0="
    },
    "uuid": {
      "version": "8.3.2",
      "resolved": "https://registry.npmjs.org/uuid/-/uuid-8.3.2.tgz",
      "integrity": "sha512-+NYs2QeMWy+GWFOEm9xnn6HCDp0l7QBD7ml8zLUmJ+93Q5NF0NocErnwkTkXVFNiX3/fpC6afS8Dhb/gz7R7eg=="
    }
  }
}
